
Microsoft Visual Studio Solution File, Format Version 12.00
# Visual Studio Version 17
VisualStudioVersion = 17.1.32228.430
MinimumVisualStudioVersion = 10.0.40219.1
Project("{9A19103F-16F7-4668-BE54-9A1E7A4F7556}") = "McDonaldsTest", "McDonaldsTest.csproj", "{ECB457A2-EA79-41F7-B88F-3F6D8BDDE6DA}"
EndProject
Project("{FAE04EC0-301F-11D3-BF4B-00C04F79EFBC}") = "TestProject", "..\TestProject\TestProject.csproj", "{4B4AEC40-6371-4EEB-9BE9-72D1F4C5813B}"
EndProject
Global
	GlobalSection(SolutionConfigurationPlatforms) = preSolution
		Debug|Any CPU = Debug|Any CPU
		Release|Any CPU = Release|Any CPU
	EndGlobalSection
	GlobalSection(ProjectConfigurationPlatforms) = postSolution
		{ECB457A2-EA79-41F7-B88F-3F6D8BDDE6DA}.Debug|Any CPU.ActiveCfg = Debug|Any CPU
		{ECB457A2-EA79-41F7-B88F-3F6D8BDDE6DA}.Debug|Any CPU.Build.0 = Debug|Any CPU
		{ECB457A2-EA79-41F7-B88F-3F6D8BDDE6DA}.Release|Any CPU.ActiveCfg = Release|Any CPU
		{ECB457A2-EA79-41F7-B88F-3F6D8BDDE6DA}.Release|Any CPU.Build.0 = Release|Any CPU
		{4B4AEC40-6371-4EEB-9BE9-72D1F4C5813B}.Debug|Any CPU.ActiveCfg = Debug|Any CPU
		{4B4AEC40-6371-4EEB-9BE9-72D1F4C5813B}.Debug|Any CPU.Build.0 = Debug|Any CPU
		{4B4AEC40-6371-4EEB-9BE9-72D1F4C5813B}.Release|Any CPU.ActiveCfg = Release|Any CPU
		{4B4AEC40-6371-4EEB-9BE9-72D1F4C5813B}.Release|Any CPU.Build.0 = Release|Any CPU
	EndGlobalSection
	GlobalSection(SolutionProperties) = preSolution
		HideSolutionNode = FALSE
	EndGlobalSection
	GlobalSection(ExtensibilityGlobals) = postSolution
		SolutionGuid = {B9D1BE80-AFA2-411D-9E9A-A288DD396C4F}
	EndGlobalSection
EndGlobal
